
Microsoft Visual Studio Solution File, Format Version 12.00
# Visual Studio Version 16
VisualStudioVersion = 16.0.31911.196
MinimumVisualStudioVersion = 10.0.40219.1
Project("{FAE04EC0-301F-11D3-BF4B-00C04F79EFBC}") = "ConsoleApp", "ConsoleApp\ConsoleApp.csproj", "{60950DFB-2A39-4410-9FFC-C7BA78440FB3}"
EndProject
Global
	GlobalSection(SolutionConfigurationPlatforms) = preSolution
		Debug|Any CPU = Debug|Any CPU
		Release|Any CPU = Release|Any CPU
	EndGlobalSection
	GlobalSection(ProjectConfigurationPlatforms) = postSolution
		{60950DFB-2A39-4410-9FFC-C7BA78440FB3}.Debug|Any CPU.ActiveCfg = Debug|Any CPU
		{60950DFB-2A39-4410-9FFC-C7BA78440FB3}.Debug|Any CPU.Build.0 = Debug|Any CPU
		{60950DFB-2A39-4410-9FFC-C7BA78440FB3}.Release|Any CPU.ActiveCfg = Release|Any CPU
		{60950DFB-2A39-4410-9FFC-C7BA78440FB3}.Release|Any CPU.Build.0 = Release|Any CPU
	EndGlobalSection
	GlobalSection(SolutionProperties) = preSolution
		HideSolutionNode = FALSE
	EndGlobalSection
	GlobalSection(ExtensibilityGlobals) = postSolution
		SolutionGuid = {D38EBA2D-8C96-4A52-B581-EC95A8276ED3}
	EndGlobalSection
EndGlobal
